Microsoft Visual Studio Solution File, Format Version 12.00
# Visual Studio 2013
Project("{F184B08F-C81C-45F6-A57F-5ABD9991F28F}") = "TabbedDocumentUIServiceTest", "DocumentServiceTest\TabbedDocumentUIServiceTest.vbproj", "{4E58DA19-BE1B-4954-953D-E25B604E2F14}"
EndProject
Project("{F184B08F-C81C-45F6-A57F-5ABD9991F28F}") = "WindowedDocumentUIServiceTest", "DocumentServiceTest\WindowedDocumentUIServiceTest.vbproj", "{6313863A-83C2-40EF-BD2C-32A4774AD9E3}"
EndProject
Project("{F184B08F-C81C-45F6-A57F-5ABD9991F28F}") = "CurrentWindowServiceTest", "CurrentWindowServiceTest\CurrentWindowServiceTest.vbproj", "{BD6690F9-D931-49FE-9F7F-3CA4D99A8C47}"
EndProject
Global
	GlobalSection(SolutionConfigurationPlatforms) = preSolution
		Debug|Any CPU = Debug|Any CPU
		Release|Any CPU = Release|Any CPU
	EndGlobalSection
	GlobalSection(ProjectConfigurationPlatforms) = postSolution
		{4E58DA19-BE1B-4954-953D-E25B604E2F14}.Debug|Any CPU.ActiveCfg = Debug|Any CPU
		{4E58DA19-BE1B-4954-953D-E25B604E2F14}.Debug|Any CPU.Build.0 = Debug|Any CPU
		{4E58DA19-BE1B-4954-953D-E25B604E2F14}.Release|Any CPU.ActiveCfg = Release|Any CPU
		{4E58DA19-BE1B-4954-953D-E25B604E2F14}.Release|Any CPU.Build.0 = Release|Any CPU
		{6313863A-83C2-40EF-BD2C-32A4774AD9E3}.Debug|Any CPU.ActiveCfg = Debug|Any CPU
		{6313863A-83C2-40EF-BD2C-32A4774AD9E3}.Debug|Any CPU.Build.0 = Debug|Any CPU
		{6313863A-83C2-40EF-BD2C-32A4774AD9E3}.Release|Any CPU.ActiveCfg = Release|Any CPU
		{6313863A-83C2-40EF-BD2C-32A4774AD9E3}.Release|Any CPU.Build.0 = Release|Any CPU
		{BD6690F9-D931-49FE-9F7F-3CA4D99A8C47}.Debug|Any CPU.ActiveCfg = Debug|Any CPU
		{BD6690F9-D931-49FE-9F7F-3CA4D99A8C47}.Debug|Any CPU.Build.0 = Debug|Any CPU
		{BD6690F9-D931-49FE-9F7F-3CA4D99A8C47}.Release|Any CPU.ActiveCfg = Release|Any CPU
		{BD6690F9-D931-49FE-9F7F-3CA4D99A8C47}.Release|Any CPU.Build.0 = Release|Any CPU
	EndGlobalSection
	GlobalSection(SolutionProperties) = preSolution
		HideSolutionNode = FALSE
	EndGlobalSection
EndGlobal
